lockVersion: 2.0.0
id: 7b84e1bb-3471-4b22-89bc-4e651e67d86c
management:
  docChecksum: 1f2337c40f02b577023b35ead2f3017e
  docVersion: 0.0.1
  speakeasyVersion: 1.596.1
  generationVersion: 2.672.0
  releaseVersion: 0.0.4
  configChecksum: bfb9935885c9392cf1c177568ff0bd47
features:
  go:
    additionalDependencies: 0.1.0
    core: 3.9.3
    defaultEnabledRetries: 0.2.0
    devContainers: 2.90.0
    envVarSecurityUsage: 0.3.2
    globalSecurity: 2.82.11
    globalSecurityCallbacks: 0.1.0
    globalSecurityFlattening: 0.1.0
    globalServerURLs: 2.82.3
    intellisenseMarkdownSupport: 0.1.0
    responseFormat: 0.1.2
    retries: 2.84.0
    sdkHooks: 0.2.0
generatedFiles:
  - .devcontainer/README.md
  - .devcontainer/devcontainer.json
  - .devcontainer/setup.sh
  - .gitattributes
  - /models/components/httpmetadata.go
  - /models/components/security.go
  - /models/operations/dummyservicestatus.go
  - USAGE.md
  - criblmgmtplane.go
  - docs/models/components/httpmetadata.md
  - docs/models/components/security.md
  - docs/models/operations/dummyservicestatusresponse.md
  - docs/models/operations/option.md
  - docs/sdks/criblmgmtplane/README.md
  - go.mod
  - internal/config/sdkconfiguration.go
  - internal/hooks/hooks.go
  - internal/utils/contenttype.go
  - internal/utils/env.go
  - internal/utils/form.go
  - internal/utils/headers.go
  - internal/utils/json.go
  - internal/utils/pathparams.go
  - internal/utils/queryparams.go
  - internal/utils/requestbody.go
  - internal/utils/retries.go
  - internal/utils/security.go
  - internal/utils/utils.go
  - models/apierrors/apierror.go
  - models/operations/options.go
  - retry/config.go
  - types/bigint.go
  - types/date.go
  - types/datetime.go
  - types/decimal.go
  - types/pointers.go
examples:
  dummyServiceStatus: {}
examplesVersion: 1.0.2
generatedTests:
  dummyServiceStatus: "2025-07-02T19:27:27+02:00"
