lockVersion: 2.0.0
id: 7b84e1bb-3471-4b22-89bc-4e651e67d86c
management:
  docChecksum: ff02bf1e8c144fe95e7799aea0b1be3c
  docVersion: "1.0"
  speakeasyVersion: 1.790.3
  generationVersion: 2.918.4
  releaseVersion: 0.4.0
  configChecksum: d65fca5f017e458ba84f10ab23a5e30a
  repoURL: https://github.com/criblio/cribl-cloud-management-sdk-go.git
  installationURL: https://github.com/criblio/cribl-cloud-management-sdk-go
persistentEdits:
  generation_id: ecb4750f-3d71-4a1c-8ae7-ca3af4945e19
  pristine_commit_hash: 24def02fcc85cdfaae8cd0efb9d5b9b3423b1bd0
  pristine_tree_hash: b585c1751e68017beceb7b5452d090bf2f91e09c
features:
  go:
    additionalDependencies: 0.1.0
    core: 3.13.47
    defaultEnabledRetries: 0.2.0
    devContainers: 2.90.0
    envVarSecurityUsage: 0.3.2
    flattening: 2.81.2
    globalSecurity: 2.82.15
    globalSecurityCallbacks: 0.1.0
    globalServerURLs: 2.83.1
    groups: 2.81.3
    intellisenseMarkdownSupport: 0.1.0
    nameOverrides: 2.81.4
    oauth2ClientCredentials: 1.1.5
    openEnums: 0.1.0
    responseFormat: 0.1.2
    retries: 2.84.3
    sdkHooks: 0.3.0
trackedFiles:
  .devcontainer/README.md:
    id: b170c0f184ac
    last_write_checksum: sha1:010275c7aea4d95412994040b137ad5959a25030
    pristine_git_object: beba4e709b504267af776be3e31550ec71fbce02
  .devcontainer/devcontainer.json:
    id: b34062a34eb1
    last_write_checksum: sha1:00c39389eee01217e51057762bde7339d9e56114
    pristine_git_object: 8f01e56e2f8476fb2a7c79ec6326b3b0d5be8123
  .devcontainer/setup.sh:
    id: 5f1dfbfeb8eb
    last_write_checksum: sha1:0443cc8beac352499afd25be90adf28d3736dbe0
    pristine_git_object: 9003242ad92f98da28b1e4dad2129b5b1dabab59
  .gitattributes:
    id: 24139dae6567
    last_write_checksum: sha1:84b0115789fc3ea52e31df701d8a27f76077e29f
    pristine_git_object: e6a994416d0f527912d2d272e2583458f4fc9bcb
  USAGE.md:
    id: 3aed33ce6e6f
    last_write_checksum: sha1:aa984a1585543604b8c1adeebcb7c567b3b2469e
    pristine_git_object: 49e97c6fbfff6acda581569dec130e0de0d58901
  apicredentials.go:
    id: 97b2a00aa3fb
    last_write_checksum: sha1:1098a4ee2eab5617ea065c199be48bcbe2b04126
    pristine_git_object: 0899a185f176d35bc8fa82232408c1e9bfebeacf
  criblmgmtplane.go:
    id: b735732f3993
    last_write_checksum: sha1:ce9e5b803f06b3e176bd4b736ca6e93e4fa1d798
    pristine_git_object: 67c2a7c7de355076380d0f17dbb69b8a75dc5669
  docs/models/apierrors/defaulterrordto.md:
    id: b27bce9be76a
    last_write_checksum: sha1:d7201f37c9a0f576066265d6cd351b09dad8cd73
    pristine_git_object: 7e618e2affad828bbd3c995a1c75424607632301
  docs/models/components/apicredentialcreaterequestdto.md:
    id: df020efaea8f
    last_write_checksum: sha1:ff48e8b747a3869686ccd9ab81ab489b2da5b2be
    pristine_git_object: be79e4c84128d197cb3444bbdacb8308e6ab8c36
  docs/models/components/apicredentialcreateresponseschema.md:
    id: 5d22ec6d55e3
    last_write_checksum: sha1:3b3a68fa29d89bda7df70b62c4334f6c1e0f8fad
    pristine_git_object: d5bab62be3d5ae192d7be533a7131c3b6b8ec74e
  docs/models/components/apicredentialresponseschema.md:
    id: ecc73204cc8c
    last_write_checksum: sha1:49f9ca452d2f2a47fc9ce57c0cd3e83cfec343f3
    pristine_git_object: 37ee993947f64aa07bff9453136a61234c8da656
  docs/models/components/apicredentialrolesschema.md:
    id: d262efe70275
    last_write_checksum: sha1:d5dfe499d92c61419ca9365b1695e6642d0ba283
    pristine_git_object: 6b815cfe78cb77b797edd80f2e8c593c8775495c
  docs/models/components/apicredentialslistresponsedto.md:
    id: e0d5020a339f
    last_write_checksum: sha1:2690f6807cfcd50960d4ad8c72c7b7c75bacabc9
    pristine_git_object: cb21ef3f6ef7cd50c187702a9fbd8ddb49df69cc
  docs/models/components/apicredentialupdaterequestdto.md:
    id: 45467fb8f1c4
    last_write_checksum: sha1:dcfd8963540ccd29f5b195613e2a7f711b227649
    pristine_git_object: 9bb18c4aae4f713f5a3e67aa71a713584bdc2747
  docs/models/components/defaulterrordto.md:
    id: 418643eab6ea
    last_write_checksum: sha1:4eb5fc87970d2263e04d31dbb7b3f6d8523ecc60
    pristine_git_object: efd8f2eced5635d0b541f195e9699393de2320f4
  docs/models/components/httpmetadata.md:
    id: 728948c70168
    last_write_checksum: sha1:7c40945dac218ce5e5e11e7c907d27a3ea14c417
    pristine_git_object: df1fdd59f3c85e4ba70573ff7954b12ac1d33d08
  docs/models/components/organizationrole.md:
    id: e0ad6fdd1f5b
    last_write_checksum: sha1:93b7bb4c478e046ac351dc9859c7426899443bbe
    pristine_git_object: 37b3a036a99a76f86aadd6cc11ab85a7dec179dd
  docs/models/components/product.md:
    id: ba34ccd38ab6
    last_write_checksum: sha1:0afc29ae2d70bee3efb6952603be0154350fcff2
    pristine_git_object: 4f8032798689fa38cbe40a12581c66ab366940c0
  docs/models/components/productroleschema.md:
    id: 6c9d0493f538
    last_write_checksum: sha1:835dc5d7fb21ef341cf3ab8f6b7e2a0001197241
    pristine_git_object: 195cc9796bcc93157d3b78dc448c50b0ba1e7095
  docs/models/components/region.md:
    id: 4290b6a3b093
    last_write_checksum: sha1:bc1561fa2a0b421ee2e668f09b7f8e0788a42e74
    pristine_git_object: f8d4730326376b4cce0241e2216cf5f22fd55ae3
  docs/models/components/role.md:
    id: ab26d0e394ad
    last_write_checksum: sha1:1d020960ba4757db98b0355865bc079fd1c6bc05
    pristine_git_object: 48eeb4ad5f643853a8591f9d85dc9ba4c9ac37d0
  docs/models/components/schemeclientoauth.md:
    id: 1c9a23cb59f0
    last_write_checksum: sha1:8e142e31959c43eb149301558fd29c57588f1fc5
    pristine_git_object: abce445fd8d54ecaeb0510582a6db06e53ef83ae
  docs/models/components/security.md:
    id: 54906b49ea28
    last_write_checksum: sha1:250ba982e447d752de767ec01c3e26d4d346490f
    pristine_git_object: 007108ffdd2e5206f8a75763fe3708d0ed75ba26
  docs/models/components/state.md:
    id: 441de3ea6229
    last_write_checksum: sha1:f52923fe754b55138fc510e573f7b4fd09cbdad6
    pristine_git_object: 983bccfc3bf24d4e565d2cc6fefb8de058bfcbd5
  docs/models/components/workspacecreaterequestdto.md:
    id: 76d307cb2672
    last_write_checksum: sha1:7a8bc19e712583fd2542f9f895f9765efd5bc70c
    pristine_git_object: cee266f95394a8194d93262f6fbdcb1a05fd1409
  docs/models/components/workspacepatchrequestdto.md:
    id: cb072f821486
    last_write_checksum: sha1:45caeae9940e5abee804c2c5780ae1f7dfc46a01
    pristine_git_object: 92debf713d14292bc5c8372875b446724b502a2a
  docs/models/components/workspacerole.md:
    id: 543f918645e7
    last_write_checksum: sha1:ea17bb4c0eb39a7cf95cb5f33f55ac1fc209c4cb
    pristine_git_object: 30e09d9773b640932da6d7edcc3767288e4990eb
  docs/models/components/workspaceroleschema.md:
    id: 277a0032ab25
    last_write_checksum: sha1:8e8287533482bfa46f7687e526072a83d2ff20fd
    pristine_git_object: 052392c970a719d03fe7a1d87c6570f33baf50ff
  docs/models/components/workspaceschema.md:
    id: ab09a4a2cc5a
    last_write_checksum: sha1:6b30dab95ba03843ab5a0dbb869df1a80ba27bf1
    pristine_git_object: 826293bb736f05e161ea31a1fb89da574a57fdf5
  docs/models/components/workspaceslistresponsedto.md:
    id: 03f8a83213c2
    last_write_checksum: sha1:ad9513b9f4696abd797361cabeb318ebc85c71b3
    pristine_git_object: bab0916792c1c3e86101744cd6b1763d995abf4d
  docs/models/operations/gethealthstatusresponse.md:
    id: 22d4bba29dc6
    last_write_checksum: sha1:62b258900550c5a8b8cd56213934d8b3f0cf21a6
    pristine_git_object: ad8a782fd2cc1dc7e1780699d19eade708a442b4
  docs/models/operations/gethealthstatusresponsebody.md:
    id: eee8b6f44127
    last_write_checksum: sha1:5f36ee4726d7be52752eae1c2a53a4649bde4c78
    pristine_git_object: 076d7b21db9cc9dcff88f89c2a8cd0eed70263d3
  docs/models/operations/option.md:
    id: 2ac1bd52a5fb
    last_write_checksum: sha1:d6ae388dedad0639999ddd06235723791157833f
    pristine_git_object: 822da425c10867fd39fccc30d5b3e779e30cb01f
  docs/models/operations/v1apicredentialscreateapicredentialrequest.md:
    id: 4f09f7fab06b
    last_write_checksum: sha1:029e36ee2d53cfd94cf0372d47b2217cb93bbbf2
    pristine_git_object: 1ade6cf5efc104926d5beadd2d80e4e0444a93dd
  docs/models/operations/v1apicredentialscreateapicredentialresponse.md:
    id: ef649623d8b2
    last_write_checksum: sha1:44073e5dead2f922bc74415c157e5e48ef81f63a
    pristine_git_object: 06b64c2b171fcbf0ddb8d6319c4277b31b8a902c
  docs/models/operations/v1apicredentialsdeleteapicredentialrequest.md:
    id: 84e5d37338c8
    last_write_checksum: sha1:9f844e0b14bace91498020173d205fea387968bb
    pristine_git_object: b3a1e8b7d30f994b067bcf822a372f731974083d
  docs/models/operations/v1apicredentialsdeleteapicredentialresponse.md:
    id: 7cf96f40865c
    last_write_checksum: sha1:273e86b076ebe0106c8198875652d25b72062ad2
    pristine_git_object: 8a8468de39b8d6da29566e1f7feedf4497f72f25
  docs/models/operations/v1apicredentialsgetapicredentialrequest.md:
    id: ea8282d89c1f
    last_write_checksum: sha1:da2fae56f65c02a05312a900fff667be1c836af6
    pristine_git_object: eb4af8529c9901772ae5964f0361a66ed29188c4
  docs/models/operations/v1apicredentialsgetapicredentialresponse.md:
    id: 1b5d4244844f
    last_write_checksum: sha1:ea4d576de7bb7bcd331ca6a8d4369c274cb67600
    pristine_git_object: ee5fb3b8d53f1a0fad9e73319c2f2a5faf9d45ff
  docs/models/operations/v1apicredentialslistapicredentialsrequest.md:
    id: 7a30f7bd1eaf
    last_write_checksum: sha1:f38ac390397aa4b308c8bbdfee456a9f28d156d3
    pristine_git_object: 83f414c0ee77cd003211256a5425ae4ce943891d
  docs/models/operations/v1apicredentialslistapicredentialsresponse.md:
    id: 56356d6eb363
    last_write_checksum: sha1:e0205486a76ee6e61484ff73a2c780a225c842c3
    pristine_git_object: 1ca83ca7ba0c4342450b5de025e8c8d21deecbb0
  docs/models/operations/v1apicredentialsupdateapicredentialrequest.md:
    id: 5a6e9522f030
    last_write_checksum: sha1:031837ce05a71d0a35fb14e98c81e94382aed0ed
    pristine_git_object: da261ffdeb3c830990ab7c779a0a41f34c1d89be
  docs/models/operations/v1apicredentialsupdateapicredentialresponse.md:
    id: ea313034d706
    last_write_checksum: sha1:ca36cf56da46dd3461e8816e9b129e0ee0b2d4ab
    pristine_git_object: f7744905d040fbe34dba81393b5ef5ddab0db92b
  docs/models/operations/v1workspacescreateworkspacerequest.md:
    id: 43494c6a74c7
    last_write_checksum: sha1:efa5cd952d9aeec7b60d3aed0aab7477cb4e65b3
    pristine_git_object: b9806f33eded31afe41075ba14ee05a99cfb815e
  docs/models/operations/v1workspacescreateworkspaceresponse.md:
    id: 67d315009833
    last_write_checksum: sha1:24e15c0741ccb58b38c8c48b8aefe355ef9d2afd
    pristine_git_object: cee34ca3771d8d3cd6572503cbb5beac54dbc050
  docs/models/operations/v1workspacesdeleteworkspacerequest.md:
    id: b9d00d82d3d5
    last_write_checksum: sha1:5c4af6fe42bb561df8f78992b967cb4cfa9b7643
    pristine_git_object: 0786d6f8ce7744a049da86675a6debd56fd1be49
  docs/models/operations/v1workspacesdeleteworkspaceresponse.md:
    id: aaa52b01db39
    last_write_checksum: sha1:94f9c9f4de476062d1265f89dfa6df8c7e8309c3
    pristine_git_object: b9a2077eb4abff09b8244b7dff8d5031035c3241
  docs/models/operations/v1workspacesgetworkspacerequest.md:
    id: 452ab7bd4213
    last_write_checksum: sha1:0d7bf7ad055ddfbb462740543df4c77c8ab6204c
    pristine_git_object: 1650176f27fe2f13983480469d6760be3b5e7fdb
  docs/models/operations/v1workspacesgetworkspaceresponse.md:
    id: 411e02f48f03
    last_write_checksum: sha1:571dc8d6bff26dacf49f7454ec04927c8c97365e
    pristine_git_object: 418a12817b7c97d7db2b5bb01acfd351735e8b7c
  docs/models/operations/v1workspaceslistworkspacesrequest.md:
    id: 5c6c50a4defd
    last_write_checksum: sha1:404860f00db6601228a9f0d054796b49cb002772
    pristine_git_object: 9e40aa138e5516be98fd6ceeb8d9a393aecc1594
  docs/models/operations/v1workspaceslistworkspacesresponse.md:
    id: c32e6107dcca
    last_write_checksum: sha1:e0bb51928792bd5508b961b04a2ad9786b5c6b53
    pristine_git_object: f67b51ce9ec4d774a17df6d6a72ba3d9308181ab
  docs/models/operations/v1workspacesupdateworkspacerequest.md:
    id: 3c03fb30ff0c
    last_write_checksum: sha1:88e6081a928d8c32d37e1240b44b3ba2e69f98fd
    pristine_git_object: 0bdb401a261406edf50454f6fa5867db71ed65ff
  docs/models/operations/v1workspacesupdateworkspaceresponse.md:
    id: 88db7540fe53
    last_write_checksum: sha1:02cb13866bc0c06e0058a02be29ac9fd6b135560
    pristine_git_object: 5740353349736528c007078f7d9e7f18ee6b9536
  docs/sdks/apicredentials/README.md:
    id: 93fa0592990c
    last_write_checksum: sha1:21c51ee6f511d990007d26b6112d91ffb6e837c7
    pristine_git_object: cb815ccb3df3f21c566ea90628eee133601e891f
  docs/sdks/health/README.md:
    id: 5082c50d5e82
    last_write_checksum: sha1:79c19ee24ce8927a73913725dde0f53a837c2712
    pristine_git_object: b778e49fcc1c484ca92e4114b1029c89442db170
  docs/sdks/workspaces/README.md:
    id: 1f5b051a6380
    last_write_checksum: sha1:b43b22ca920d44f2b6542de5a9f1410ba098755e
    pristine_git_object: b181cc7d754e770291a747ba00d0d729685bec9b
  go.mod:
    id: c47645c391ad
    last_write_checksum: sha1:a5512471df73bec3f8fefcf283c0af74010cc8f5
    pristine_git_object: 5eb6c06a405631729ed6fa74e5384f63cdc4cba2
  health.go:
    id: ca291aa88e47
    last_write_checksum: sha1:440174f1bbc588006babbc03de09aabd1535162e
    pristine_git_object: 2fcf965d9862f6849047a6d442f9cb796239aaac
  internal/config/sdkconfiguration.go:
    id: 33b8bfac5265
    last_write_checksum: sha1:5c5fab745eed115d53de6fa6db82809c2cea9f0e
    pristine_git_object: b11b7bb9f4a8d7b8cbb6edfc54689a2b37234833
  internal/hooks/clientcredentials.go:
    id: b56b5e7f2d63
    last_write_checksum: sha1:d69ce743d426af356e58b09ba2355ad88c242e5b
    pristine_git_object: e483c2171d886da13ab7c0dc061f73ddd22410a4
  internal/hooks/hooks.go:
    id: 336be70ed5c0
    last_write_checksum: sha1:6a7f1bc81971f3aea328c015240456ca2ae5392e
    pristine_git_object: d5d4a416ebec1e5eb4d213dce23ff53cbb8f4536
  internal/utils/contenttype.go:
    id: 928a56fe6755
    last_write_checksum: sha1:ab5cfd860d02c6e6a37f89e2b5649a9859947fb1
    pristine_git_object: f6487e01eb987c0aa49e7aa50b5ff24830314c63
  internal/utils/env.go:
    id: ac8bab30c73d
    last_write_checksum: sha1:1e0bcb2d2caed9f3657f1dbc99b55811bed0298c
    pristine_git_object: 110d464eacf2387b347bad1cb903666354a339e9
  internal/utils/form.go:
    id: 8ea133d76535
    last_write_checksum: sha1:d78aa8ee8f9ef2a15556488e65f81e4781464dd4
    pristine_git_object: de3ab5f7b3950d7f6bd1b7bb25401e0f908b9707
  internal/utils/headers.go:
    id: 90d4f18d4adf
    last_write_checksum: sha1:01b70eab146682c791df728c8ca3f4383043dafb
    pristine_git_object: 83052c069bba2087582336656226e5c1ca736ead
  internal/utils/json.go:
    id: ad03e3c502d8
    last_write_checksum: sha1:51aa43cdd41cce0c60906625206da6c72512d0d0
    pristine_git_object: c4b8bdbd239ee4529309518844e527d18290b610
  internal/utils/oauth2_credentials.go:
    id: 633b88c0d3ff
    last_write_checksum: sha1:f9218b6b3dbd11494cc353bf22eb37f0ca654a7d
    pristine_git_object: 85eb9933d806fe3f332fcfac00aef92380317244
  internal/utils/oauth2_sessions.go:
    id: 633fa458699d
    last_write_checksum: sha1:c4af99567451b6931fce12b06dca8300d07b79f1
    pristine_git_object: 237b1a41eb4f38874f1d4dd64fcc3288d1edeb19
  internal/utils/pathparams.go:
    id: 1f3e0c30fd90
    last_write_checksum: sha1:ae93365a5844d229d0d504ed159beabbcfc13def
    pristine_git_object: e8c19da4701b8e6227b64df3f32cd9401cac328b
  internal/utils/queryparams.go:
    id: e7f604e65a58
    last_write_checksum: sha1:d09813514cacc9a73c7b6120f5c5e39a78e4011e
    pristine_git_object: 7db8638b9ec52a7834f949a4f25fefc2c7471cc8
  internal/utils/requestbody.go:
    id: 22445ec1c044
    last_write_checksum: sha1:72efa553f69a5a1ff1898e6dcb454e4e9e24f50c
    pristine_git_object: c58025f9c6332eb76157aaf0e940cf7f7094e4c1
  internal/utils/retries.go:
    id: b5e011d15c2d
    last_write_checksum: sha1:0cc1a1df9084d61743d9e2559416d46205a95ca2
    pristine_git_object: 7166c1a7d092396a4b5c9914833ed6a0522c1292
  internal/utils/security.go:
    id: eeb54c55241b
    last_write_checksum: sha1:1c0b332b3cf0fa405df0c5bf4e03f335139566b6
    pristine_git_object: 7c1a372ae314a9d82ab82c3db610e7ffe67ecfab
  internal/utils/union.go:
    id: db86c85746b6
    last_write_checksum: sha1:c63e8805231c4af3561c5790775469ffdc235e45
    pristine_git_object: 6c60283b1bbb9b804b2e53c8cd7a394d04eb4ca1
  internal/utils/union_test.go:
    id: 4b56247171bd
    last_write_checksum: sha1:bd5c7506e1d6238117c1ac4e340314a5a41401b5
    pristine_git_object: 138f7e2a066b10dffd0a9957ecfcab9e00dd26fe
  internal/utils/utils.go:
    id: 1133b2a27019
    last_write_checksum: sha1:36a3e6fb95d71868d1755dbb3b924a37340c7ea7
    pristine_git_object: b32a14db51857aafab25498ba32fa2905c92b5d8
  models/apierrors/apierror.go:
    id: 4cecf27a5a54
    last_write_checksum: sha1:e699d3325ea82ea2b0d29656396210f0513c3391
    pristine_git_object: 61a9628a6533548245be5af929f1d4f96dd780b5
  models/apierrors/defaulterrordto.go:
    id: c1515dc0c535
    last_write_checksum: sha1:cc4afe8e32cbc78d545a3fd278b5482255da23cf
    pristine_git_object: c1d06dd3d1cad10417725cc5c32e0f40ecd054be
  models/components/apicredentialcreaterequestdto.go:
    id: 6ebe149d4241
    last_write_checksum: sha1:922bc03c990e87dfb8c7b8ab9bc8fed20dbede83
    pristine_git_object: c1415fcc3bd047f06352e27c936b7feabbe2d74a
  models/components/apicredentialcreateresponseschema.go:
    id: 9d81b181012c
    last_write_checksum: sha1:77f218cafddd8ada1650af0685f9a7def1de7216
    pristine_git_object: 0b49e565f88e961d17869bc18596d64491996772
  models/components/apicredentialresponseschema.go:
    id: 9897f02652c6
    last_write_checksum: sha1:50577eaaa5d9c441a3c3516f98e49dbded4a21eb
    pristine_git_object: 43a24c79fc8e786f8c24f8e4e88dd5eafae50236
  models/components/apicredentialrolesschema.go:
    id: d5c753dae309
    last_write_checksum: sha1:3c03c3db2ab9f58ce0e5600906ba350515694686
    pristine_git_object: 20dac3ace649026cb38381f7db39e23c4204b4ac
  models/components/apicredentialslistresponsedto.go:
    id: dcacdd3f2f38
    last_write_checksum: sha1:9312342b6d241e7942aa45dbc3c57d98da14db2f
    pristine_git_object: 46aafd0f107c24f22d218db2da6493e87e72fbdb
  models/components/apicredentialupdaterequestdto.go:
    id: 98e031066992
    last_write_checksum: sha1:320a01d3ea0fdd9fd6a2a82e88e0fe4ecad5d89e
    pristine_git_object: 5adf7b6fca0fc1824cd5338d87f1de6b73cfed22
  models/components/defaulterrordto.go:
    id: b68c77050a99
    last_write_checksum: sha1:8ec8184bcd56b8e5c14e27fd669de11ca71abe97
    pristine_git_object: e29e4fb8cec147519a41bc0150d8c5734fe85596
  models/components/httpmetadata.go:
    id: 790bad4a7abb
    last_write_checksum: sha1:01a20fcff33179809ff9920ee431c7adabbd98f1
    pristine_git_object: 148ec47fb2dea6c188ec68eb3532d93169608168
  models/components/productroleschema.go:
    id: 1d6e0f559602
    last_write_checksum: sha1:cc6874405b5ff86b6d6c0e6c2e13e22fd9f50519
    pristine_git_object: ea20117648867880419ad54f5b7d16b40d51620c
  models/components/schemeclientoauth.go:
    id: 3291eda160f4
    last_write_checksum: sha1:6589827e7fd2482d29156e156a1dbafc7c40579e
    pristine_git_object: eb791031830b3bcd21e34f95c36019580fa5d798
  models/components/security.go:
    id: 3a5eba5fe9e0
    last_write_checksum: sha1:07e9c599fa875c3834ff8f4bc384080ca3766441
    pristine_git_object: e8f14c4c6538dc1d82a8e858a07183b6933e413d
  models/components/workspacecreaterequestdto.go:
    id: a7b68f38a00c
    last_write_checksum: sha1:12b160ec928e26856a70d66aecb9332c7e201a37
    pristine_git_object: c67e432fdf8d7875eb936fae7a1e0be2022fe2b8
  models/components/workspacepatchrequestdto.go:
    id: abffc0381d4a
    last_write_checksum: sha1:15d5ad150d45805d160aa7ae33bc48db7fec8a1f
    pristine_git_object: f7daa89a17321c4285eb9c8f84a0cd4a6794e8dd
  models/components/workspaceroleschema.go:
    id: 5a6a98c4d203
    last_write_checksum: sha1:29ac127a4ab14954104f3056ff7390194b824d28
    pristine_git_object: e1532ccab89870af3d8ea74e2902bd794cb2bd75
  models/components/workspaceschema.go:
    id: 976c411a8567
    last_write_checksum: sha1:11693cb87aaa0bee0c435f6d9fc53f798c2fe52c
    pristine_git_object: 99648b43c913827892235fc21e34a2300c69b0a2
  models/components/workspaceslistresponsedto.go:
    id: 275935927ccd
    last_write_checksum: sha1:a32bed388c232760843c7de80561d526aa8fde27
    pristine_git_object: 36f57162e00fc7ea74fed1fc299ce7ad78819c19
  models/operations/gethealthstatus.go:
    id: 031db86316ed
    last_write_checksum: sha1:70eb242ebda4ef7f06e8b6d9515dd8b6f5705804
    pristine_git_object: c7eb30bda6d86695681dacb5ce29b6010f8fcb89
  models/operations/options.go:
    id: d20dd4db9865
    last_write_checksum: sha1:625f2a8322f0ab7c84de439c31f44504e15062d9
    pristine_git_object: 01bf8c3c826dcd1644bbc4fa6e9c2ea4b83df1bd
  models/operations/v1apicredentialscreateapicredential.go:
    id: dc31b9da3acd
    last_write_checksum: sha1:532508b1b46fd49c878a01d4cb35356d2f90d0ee
    pristine_git_object: 8c0f082465fa72bee6b3732ae48651e82344d17f
  models/operations/v1apicredentialsdeleteapicredential.go:
    id: 5d56588355d8
    last_write_checksum: sha1:45e4534af41ae615d807e2d90cfa2676a2ba6c7e
    pristine_git_object: e4f56e49a8e7d3d8fa0c2b5acf03e6eda07744e4
  models/operations/v1apicredentialsgetapicredential.go:
    id: 5381715e01f5
    last_write_checksum: sha1:c73361ada159b8647ec2cd5c778232434e40eb2b
    pristine_git_object: a5f5a8956ca960c3fcf71fd8a3f485d8bcd8eed2
  models/operations/v1apicredentialslistapicredentials.go:
    id: 10b1137e5432
    last_write_checksum: sha1:936cacea3f4e4d88b1196714af90a9fc379be510
    pristine_git_object: d3b9ae770d4b9ef24253860feb23aeea6984dc7d
  models/operations/v1apicredentialsupdateapicredential.go:
    id: 32c18e431d4d
    last_write_checksum: sha1:1e2e5f09aec0516382f1d56a2279cf87e7aae847
    pristine_git_object: 0d59bcfd56610adbba8c371a202bd65a7c8070fd
  models/operations/v1workspacescreateworkspace.go:
    id: 9a940bb5a62f
    last_write_checksum: sha1:1e061cb9a477689c906da400d80ec6a6de4d198f
    pristine_git_object: 2bcf509d7ae1fe9499a9aaab256172d099964705
  models/operations/v1workspacesdeleteworkspace.go:
    id: 7d93c95c7cac
    last_write_checksum: sha1:074329f51d6031bc0de84e7f9678877721c646de
    pristine_git_object: 564c5f31f6a3ecb8ed130a23590b6be94a71109c
  models/operations/v1workspacesgetworkspace.go:
    id: f4d600a685f6
    last_write_checksum: sha1:81ec5ef32e6fd1623b9f1362097368225450b7a3
    pristine_git_object: 30c1c67535e89267bf35cf76810e7850dbcb00e8
  models/operations/v1workspaceslistworkspaces.go:
    id: cef19cfebee0
    last_write_checksum: sha1:e2e85ddcd1e69961c269d6123aab71131d3c9286
    pristine_git_object: d1871c129983a5fca2135fc44ff2ab28c9378f9f
  models/operations/v1workspacesupdateworkspace.go:
    id: a0c6468eb8a3
    last_write_checksum: sha1:11acbe40720aa7174d6c8a05d281be6cefb62f1f
    pristine_git_object: 47b9bfa3f3fb2676af9edfb193bc2379e0e04d13
  optionalnullable/optionalnullable.go:
    id: ce60f259ead3
    last_write_checksum: sha1:d6aff1a420c31e025ea21d46cf056e305ae76fe8
    pristine_git_object: c6739be0619b6726565e0f11855ffe44b0e5607e
  optionalnullable/optionalnullable_test.go:
    id: ad67101ebca3
    last_write_checksum: sha1:2e9433eff1651ac77d6678ea76880d9a4980cbc2
    pristine_git_object: e6e5a01c6e721e879e24a38a1f97e3e27d4686d4
  retry/config.go:
    id: 82d673cb0389
    last_write_checksum: sha1:102d1953fbd7e9f312c4442c71ccca2eaaeaa27d
    pristine_git_object: 767002c7898128324d8741ce9c534bd466492169
  types/bigint.go:
    id: 6f911e1a03c3
    last_write_checksum: sha1:49b004005d0461fb04b846eca062b070b0360b31
    pristine_git_object: 9c6a086d51595888a6ff787ebcb8693559afee95
  types/date.go:
    id: 231a623ce1b7
    last_write_checksum: sha1:3036a2e1ed15a1d484c093367eba000c38f384d0
    pristine_git_object: 5b2782f219efe6bfbce46fc2dec68998eb759438
  types/datetime.go:
    id: 5023aac30a47
    last_write_checksum: sha1:196d050af6450669214e9ae4fd28e56263ae2b5d
    pristine_git_object: 3eff332daa04e34cec5ffb10add670bafd8ac454
  types/pointers.go:
    id: 6d0d0a6cb6f3
    last_write_checksum: sha1:fc2275ea006257ba9ba4ff6f2a2cdb6205371eef
    pristine_git_object: 35c439d2661e08fcb6a854096fd7b9a8561b3938
  workspaces.go:
    id: 643517773c6f
    last_write_checksum: sha1:1a27d5f020449b6de3f52285b1a7908d8689e808
    pristine_git_object: 7e6c141ef22b45ec48f81995213d8b126f36f22c
examples:
  dummyServiceStatus: {}
  getHealthStatus:
    speakeasy-default-get-health-status:
      responses:
        "200":
          application/json: {"status": "OK"}
        default:
          application/json: {"statusCode": 1397.13, "message": "<value>"}
  v1.workspaces.createWorkspace:
    speakeasy-default-v1-workspaces-create-workspace:
      parameters:
        path:
          organizationId: "<id>"
      requestBody:
        application/json: {"workspaceId": "main", "alias": "Production Environment", "description": "Main production workspace for customer data processing", "tags": ["production", "customer-data"]}
      responses:
        "201":
          application/json: {"workspaceId": "main", "region": "us-west-2", "leaderFQDN": "workspace-leader.example.com", "state": "Active", "alias": "Production Environment", "description": "Main production workspace for customer data processing", "tags": ["production", "customer-data"]}
        default:
          application/json: {"statusCode": 2135.91, "message": "<value>"}
  v1.workspaces.listWorkspaces:
    speakeasy-default-v1-workspaces-list-workspaces:
      parameters:
        path:
          organizationId: "<id>"
      responses:
        "200":
          application/json: {"items": [{"workspaceId": "main", "region": "us-west-2", "leaderFQDN": "workspace-leader.example.com", "state": "Inactive", "alias": "Production Environment", "description": "Main production workspace for customer data processing", "tags": ["production", "customer-data"]}], "count": 5}
        default:
          application/json: {"statusCode": 5622.58, "message": "<value>"}
  v1.workspaces.updateWorkspace:
    speakeasy-default-v1-workspaces-update-workspace:
      parameters:
        path:
          organizationId: "<id>"
          workspaceId: "<id>"
      requestBody:
        application/json: {"alias": "Production Environment", "description": "Main production workspace for customer data processing", "tags": ["production", "customer-data"]}
      responses:
        "200":
          application/json: {"workspaceId": "main", "region": "us-west-2", "lastUpdated": "2023-01-01T12:00:00Z", "leaderFQDN": "workspace-leader.example.com", "state": "Active", "alias": "Production Environment", "description": "Main production workspace for customer data processing", "tags": ["production", "customer-data"]}
        default:
          application/json: {"statusCode": 8141.25, "message": "<value>"}
  v1.workspaces.deleteWorkspace:
    speakeasy-default-v1-workspaces-delete-workspace:
      parameters:
        path:
          organizationId: "<id>"
          workspaceId: "<id>"
      responses:
        default:
          application/json: {"statusCode": 8158.92, "message": "<value>"}
  v1.workspaces.getWorkspace:
    speakeasy-default-v1-workspaces-get-workspace:
      parameters:
        path:
          organizationId: "<id>"
          workspaceId: "<id>"
      responses:
        "200":
          application/json: {"workspaceId": "main", "region": "us-west-2", "leaderFQDN": "workspace-leader.example.com", "state": "Active", "alias": "Production Environment", "description": "Main production workspace for customer data processing", "tags": ["production", "customer-data"]}
        default:
          application/json: {"statusCode": 8847.69, "message": "<value>"}
  v1.apiCredentials.listApiCredentials:
    speakeasy-default-v1-api-credentials-list-api-credentials:
      parameters:
        path:
          organizationId: "<id>"
      responses:
        "200":
          application/json: {"items": [], "count": 1}
        default:
          application/json: {"statusCode": 775.48, "message": "<value>"}
  v1.apiCredentials.createApiCredential:
    speakeasy-default-v1-api-credentials-create-api-credential:
      parameters:
        path:
          organizationId: "<id>"
      requestBody:
        application/json: {"name": "Auto-Manage-Workspaces", "description": "Used for automated Workspace management", "enabled": true, "roles": {"organizationRole": "admin", "workspaces": [{"workspaceId": "main", "workspaceRole": "admin", "products": [{"product": "stream", "role": "admin"}]}]}, "ipAllowlist": ["10.0.0.1/32"]}
      responses:
        "201":
          application/json: {"name": "Auto-Manage-Workspaces", "description": "Used for automated Workspace management", "enabled": true, "organizationId": "org-123", "clientId": "clientIdabcd1234EXAMPLE", "roles": {"organizationRole": "admin", "workspaces": [{"workspaceId": "main", "workspaceRole": "admin", "products": [{"product": "stream", "role": "admin"}]}]}, "ipAllowlist": ["10.0.0.1/32"], "createdBy": "user@example.com", "createdDate": "2024-08-15T12:34:56Z", "lastUpdatedBy": "user@example.com", "lastUpdatedDate": "2024-08-15T12:34:56Z", "clientSecret": "clientSecretabcd1234EXAMPLE"}
        default:
          application/json: {"statusCode": 9282.56, "message": "<value>"}
        "422":
          application/json: {"statusCode": 400, "message": "Bad Request"}
  v1.apiCredentials.updateApiCredential:
    speakeasy-default-v1-api-credentials-update-api-credential:
      parameters:
        path:
          organizationId: "<id>"
          apiCredentialId: "<id>"
      requestBody:
        application/json: {"name": "Auto-Manage-Workspaces", "description": "Used for automated Workspace management", "enabled": true, "roles": {"organizationRole": "admin", "workspaces": [{"workspaceId": "main", "workspaceRole": "admin", "products": [{"product": "stream", "role": "admin"}]}]}, "ipAllowlist": ["10.0.0.1/32"]}
      responses:
        default:
          application/json: {"statusCode": 5095.64, "message": "<value>"}
  v1.apiCredentials.deleteApiCredential:
    speakeasy-default-v1-api-credentials-delete-api-credential:
      parameters:
        path:
          organizationId: "<id>"
          apiCredentialId: "<id>"
      responses:
        default:
          application/json: {"statusCode": 9034.38, "message": "<value>"}
  v1.apiCredentials.getApiCredential:
    speakeasy-default-v1-api-credentials-get-api-credential:
      parameters:
        path:
          organizationId: "<id>"
          apiCredentialId: "<id>"
      responses:
        "200":
          application/json: {"name": "Auto-Manage-Workspaces", "description": "Used for automated Workspace management", "enabled": true, "organizationId": "org-123", "clientId": "clientIdabcd1234EXAMPLE", "roles": {"organizationRole": "admin", "workspaces": [{"workspaceId": "main", "workspaceRole": "admin", "products": [{"product": "stream", "role": "admin"}]}]}, "ipAllowlist": ["10.0.0.1/32"], "createdBy": "user@example.com", "createdDate": "2024-08-15T12:34:56Z", "lastUpdatedBy": "user@example.com", "lastUpdatedDate": "2024-08-15T12:34:56Z"}
        default:
          application/json: {"statusCode": 6805.09, "message": "<value>"}
examplesVersion: 1.0.2
generatedTests:
  dummyServiceStatus: "2025-07-02T19:27:27+02:00"
generatedFiles:
  - .devcontainer/README.md
  - .devcontainer/devcontainer.json
  - .devcontainer/setup.sh
  - .gitattributes
  - /models/components/defaulterrordto.go
  - /models/components/httpmetadata.go
  - /models/components/schemeclientoauth.go
  - /models/components/security.go
  - /models/components/workspacecreaterequestdto.go
  - /models/components/workspacepatchrequestdto.go
  - /models/components/workspaceschema.go
  - /models/components/workspaceslistresponsedto.go
  - /models/operations/gethealthstatus.go
  - /models/operations/v1workspacescreateworkspace.go
  - /models/operations/v1workspacesdeleteworkspace.go
  - /models/operations/v1workspacesgetworkspace.go
  - /models/operations/v1workspaceslistworkspaces.go
  - /models/operations/v1workspacesupdateworkspace.go
  - USAGE.md
  - criblmgmtplane.go
  - docs/models/components/defaulterrordto.md
  - docs/models/components/httpmetadata.md
  - docs/models/components/region.md
  - docs/models/components/schemeclientoauth.md
  - docs/models/components/security.md
  - docs/models/components/state.md
  - docs/models/components/workspacecreaterequestdto.md
  - docs/models/components/workspacepatchrequestdto.md
  - docs/models/components/workspaceschema.md
  - docs/models/components/workspaceslistresponsedto.md
  - docs/models/operations/gethealthstatusresponse.md
  - docs/models/operations/gethealthstatusresponsebody.md
  - docs/models/operations/option.md
  - docs/models/operations/v1workspacescreateworkspacerequest.md
  - docs/models/operations/v1workspacescreateworkspaceresponse.md
  - docs/models/operations/v1workspacesdeleteworkspacerequest.md
  - docs/models/operations/v1workspacesdeleteworkspaceresponse.md
  - docs/models/operations/v1workspacesgetworkspacerequest.md
  - docs/models/operations/v1workspacesgetworkspaceresponse.md
  - docs/models/operations/v1workspaceslistworkspacesrequest.md
  - docs/models/operations/v1workspaceslistworkspacesresponse.md
  - docs/models/operations/v1workspacesupdateworkspacerequest.md
  - docs/models/operations/v1workspacesupdateworkspaceresponse.md
  - docs/sdks/health/README.md
  - docs/sdks/workspaces/README.md
  - go.mod
  - health.go
  - internal/config/sdkconfiguration.go
  - internal/hooks/clientcredentials.go
  - internal/hooks/hooks.go
  - internal/utils/contenttype.go
  - internal/utils/env.go
  - internal/utils/form.go
  - internal/utils/headers.go
  - internal/utils/json.go
  - internal/utils/oauth2_credentials.go
  - internal/utils/oauth2_sessions.go
  - internal/utils/pathparams.go
  - internal/utils/queryparams.go
  - internal/utils/requestbody.go
  - internal/utils/retries.go
  - internal/utils/security.go
  - internal/utils/utils.go
  - models/apierrors/apierror.go
  - models/operations/options.go
  - optionalnullable/optionalnullable.go
  - optionalnullable/optionalnullable_test.go
  - retry/config.go
  - types/bigint.go
  - types/date.go
  - types/datetime.go
  - types/pointers.go
  - workspaces.go
