speakeasyVersion: 1.724.1
sources:
    Cribl Cloud Management API:
        sourceNamespace: cribl-cloud-management-api
        sourceRevisionDigest: sha256:066169287a28243658aaa63db95ec8ab52aa921ac9817dc74cd8d2d4a75c0688
        sourceBlobDigest: sha256:65293bff16f80ad5822448c14045859af05271ea60b96b1e7694fc0b98068a13
        tags:
            - latest
            - speakeasy-sdk-regen-1770253573
            - "1.0"
targets:
    cribl-mgmt-plane:
        source: Cribl Cloud Management API
        sourceNamespace: cribl-cloud-management-api
        sourceRevisionDigest: sha256:066169287a28243658aaa63db95ec8ab52aa921ac9817dc74cd8d2d4a75c0688
        sourceBlobDigest: sha256:65293bff16f80ad5822448c14045859af05271ea60b96b1e7694fc0b98068a13
        codeSamplesNamespace: cribl-cloud-management-api-go-code-samples
        codeSamplesRevisionDigest: sha256:0fe26a900fbe8aefd154464d18c3db9126abf94d74571c2aea81b6be2696847b
workflow:
    workflowVersion: 1.0.0
    speakeasyVersion: 1.724.1
    sources:
        Cribl Cloud Management API:
            inputs:
                - location: https://raw.githubusercontent.com/criblio/cribl-openapi-spec/main/specs/mgmt-plane.yml
            output: .speakeasy/out.openapi.yaml
            registry:
                location: registry.speakeasyapi.dev/cribl/cribl/cribl-cloud-management-api
    targets:
        cribl-mgmt-plane:
            target: go
            source: Cribl Cloud Management API
            codeSamples:
                registry:
                    location: registry.speakeasyapi.dev/cribl/cribl/cribl-cloud-management-api-go-code-samples
                labelOverride:
                    fixedValue: Go (SDK)
                blocking: false
            testing:
                enabled: false
