speakeasyVersion: 1.581.0
sources:
    Cribl Cloud Management API:
        sourceNamespace: cribl-cloud-management-api
        sourceRevisionDigest: sha256:e51e56e38021aa0e30fb3821ee5ec837a70ee31d63c10f70875c522edf78844e
        sourceBlobDigest: sha256:4538e8478aa0c017971bec70a5fc9bb29394cd15211e31b5965ecfc369787dae
        tags:
            - latest
            - 0.0.1
targets:
    cribl-mgmt-plane:
        source: Cribl Cloud Management API
        sourceNamespace: cribl-cloud-management-api
        sourceRevisionDigest: sha256:e51e56e38021aa0e30fb3821ee5ec837a70ee31d63c10f70875c522edf78844e
        sourceBlobDigest: sha256:4538e8478aa0c017971bec70a5fc9bb29394cd15211e31b5965ecfc369787dae
        codeSamplesNamespace: cribl-cloud-management-api-go-code-samples
        codeSamplesRevisionDigest: sha256:950eed7041ac11cefdc740be8f4e99ba410760745a2eab912f0d4926890b853d
workflow:
    workflowVersion: 1.0.0
    speakeasyVersion: 1.581.0
    sources:
        Cribl Cloud Management API:
            inputs:
                - location: https://raw.githubusercontent.com/criblio/cribl-openapi-spec/main/specs/mgmt-plane.yml
            output: .speakeasy/out.openapi.yaml
            registry:
                location: registry.speakeasyapi.dev/cribl/cribl/cribl-cloud-management-api
    targets:
        cribl-mgmt-plane:
            target: go
            source: Cribl Cloud Management API
            codeSamples:
                registry:
                    location: registry.speakeasyapi.dev/cribl/cribl/cribl-cloud-management-api-go-code-samples
                labelOverride:
                    fixedValue: Go (SDK)
                blocking: false
            testing:
                enabled: true
